<?xml version="1.0" encoding="utf-8"?>
<Project ToolsVersion="4.0" xmlns="http://schemas.microsoft.com/developer/msbuild/2003">
  <ItemGroup>
    <Filter Include="Environments">
      <UniqueIdentifier>{CD5D501A-B9C0-DFBE-6246-18754E88AB41}</UniqueIdentifier>
    </Filter>
  </ItemGroup>
  <ItemGroup>
    <ClInclude Include="src\Environments\TestEnvironment.h" />
  </ItemGroup>
  <ItemGroup>
    <ClCompile Include="src\SandboxApp.cpp" />
    <ClCompile Include="src\Environments\TestEnvironment.cpp" />
  </ItemGroup>
  <ItemGroup>
    <None Include="assets\shaders\compute\test.glsl" />
    <None Include="assets\shaders\compute\Spectrum_generate.glsl" />
    <None Include="assets\shaders\compute\Spectrum_update.glsl" />
    <None Include="assets\shaders\compute\ButterflyTexture.glsl" />
    <None Include="assets\shaders\compute\FFT.glsl" />
    <None Include="assets\shaders\compute\FFT_inversionpermutation.glsl" />
    <None Include="assets\shaders\OceanShader.glsl" />
    <None Include="assets\shaders\compute\BoatTransform.glsl" />
  </ItemGroup>
</Project>